// !$*UTF8*$!
{
	archiveVersion = 1;
	classes = {
	};
	objectVersion = 50;
	objects = {

/* Begin PBXBuildFile section */
		5720ED5A238C2AD600ABEA22 /* AppDelegate.swift in Sources */ = {isa = PBXBuildFile; fileRef = 5720ED59238C2AD600ABEA22 /* AppDelegate.swift */; };
		5720ED5C238C2AD600ABEA22 /* SceneDelegate.swift in Sources */ = {isa = PBXBuildFile; fileRef = 5720ED5B238C2AD600ABEA22 /* SceneDelegate.swift */; };
		5720ED5E238C2AD600ABEA22 /* ViewController.swift in Sources */ = {isa = PBXBuildFile; fileRef = 5720ED5D238C2AD600ABEA22 /* ViewController.swift */; };
		5720ED61238C2AD600ABEA22 /* Main.storyboard in Resources */ = {isa = PBXBuildFile; fileRef = 5720ED5F238C2AD600ABEA22 /* Main.storyboard */; };
		5720ED63238C2AD700ABEA22 /* Assets.xcassets in Resources */ = {isa = PBXBuildFile; fileRef = 5720ED62238C2AD700ABEA22 /* Assets.xcassets */; };
		5720ED66238C2AD700ABEA22 /* LaunchScreen.storyboard in Resources */ = {isa = PBXBuildFile; fileRef = 5720ED64238C2AD700ABEA22 /* LaunchScreen.storyboard */; };
		5720ED6E238C38C000ABEA22 /* ViewControllerTwo.swift in Sources */ = {isa = PBXBuildFile; fileRef = 5720ED6D238C38C000ABEA22 /* ViewControllerTwo.swift */; };
		57FB05A6238D2DB200FE78EE /* dicestart.png in Resources */ = {isa = PBXBuildFile; fileRef = 57FB05A5238D2DB200FE78EE /* dicestart.png */; };
/* End PBXBuildFile section */

/* Begin PBXFileReference section */
		5720ED56238C2AD600ABEA22 /* DiceGameApp.app */ = {isa = PBXFileReference; explicitFileType = wrapper.application; includeInIndex = 0; path = DiceGameApp.app; sourceTree = BUILT_PRODUCTS_DIR; };
		5720ED59238C2AD600ABEA22 /* AppDelegate.swift */ = {isa = PBXFileReference; lastKnownFileType = sourcecode.swift; path = AppDelegate.swift; sourceTree = "<group>"; };
		5720ED5B238C2AD600ABEA22 /* SceneDelegate.swift */ = {isa = PBXFileReference; lastKnownFileType = sourcecode.swift; path = SceneDelegate.swift; sourceTree = "<group>"; };
		5720ED5D238C2AD600ABEA22 /* ViewController.swift */ = {isa = PBXFileReference; lastKnownFileType = sourcecode.swift; path = ViewController.swift; sourceTree = "<group>"; };
		5720ED60238C2AD600ABEA22 /* Base */ = {isa = PBXFileReference; lastKnownFileType = file.storyboard; name = Base; path = Base.lproj/Main.storyboard; sourceTree = "<group>"; };
		5720ED62238C2AD700ABEA22 /* Assets.xcassets */ = {isa = PBXFileReference; lastKnownFileType = folder.assetcatalog; path = Assets.xcassets; sourceTree = "<group>"; };
		5720ED65238C2AD700ABEA22 /* Base */ = {isa = PBXFileReference; lastKnownFileType = file.storyboard; name = Base; path = Base.lproj/LaunchScreen.storyboard; sourceTree = "<group>"; };
		5720ED67238C2AD700ABEA22 /* Info.plist */ = {isa = PBXFileReference; lastKnownFileType = text.plist.xml; path = Info.plist; sourceTree = "<group>"; };
		5720ED6D238C38C000ABEA22 /* ViewControllerTwo.swift */ = {isa = PBXFileReference; lastKnownFileType = sourcecode.swift; path = ViewControllerTwo.swift; sourceTree = "<group>"; };
		57FB05A5238D2DB200FE78EE /* dicestart.png */ = {isa = PBXFileReference; lastKnownFileType = image.png; name = dicestart.png; path = ../../dicestart.png; sourceTree = "<group>"; };
/* End PBXFileReference section */

/* Begin PBXFrameworksBuildPhase section */
		5720ED53238C2AD600ABEA22 /* Frameworks */ = {
			isa = PBXFrameworksBuildPhase;
			buildActionMask = 2147483647;
			files = (
			);
			runOnlyForDeploymentPostprocessing = 0;
		};
/* End PBXFrameworksBuildPhase section */

/* Begin PBXGroup section */
		5720ED4D238C2AD600ABEA22 = {
			isa = PBXGroup;
			children = (
				5720ED58238C2AD600ABEA22 /* DiceGameApp */,
				5720ED57238C2AD600ABEA22 /* Products */,
			);
			sourceTree = "<group>";
		};
		5720ED57238C2AD600ABEA22 /* Products */ = {
			isa = PBXGroup;
			children = (
				5720ED56238C2AD600ABEA22 /* DiceGameApp.app */,
			);
			name = Products;
			sourceTree = "<group>";
		};
		5720ED58238C2AD600ABEA22 /* DiceGameApp */ = {
			isa = PBXGroup;
			children = (
				5720ED59238C2AD600ABEA22 /* AppDelegate.swift */,
				5720ED5B238C2AD600ABEA22 /* SceneDelegate.swift */,
				5720ED5D238C2AD600ABEA22 /* ViewController.swift */,
				5720ED6D238C38C000ABEA22 /* ViewControllerTwo.swift */,
				5720ED5F238C2AD600ABEA22 /* Main.storyboard */,
				5720ED62238C2AD700ABEA22 /* Assets.xcassets */,
				5720ED64238C2AD700ABEA22 /* LaunchScreen.storyboard */,
				57FB05A5238D2DB200FE78EE /* dicestart.png */,
				5720ED67238C2AD700ABEA22 /* Info.plist */,
			);
			path = DiceGameApp;
			sourceTree = "<group>";
		};
/* End PBXGroup section */

/* Begin PBXNativeTarget section */
		5720ED55238C2AD600ABEA22 /* DiceGameApp */ = {
			isa = PBXNativeTarget;
			buildConfigurationList = 5720ED6A238C2AD700ABEA22 /* Build configuration list for PBXNativeTarget "DiceGameApp" */;
			buildPhases = (
				5720ED52238C2AD600ABEA22 /* Sources */,
				5720ED53238C2AD600ABEA22 /* Frameworks */,
				5720ED54238C2AD600ABEA22 /* Resources */,
			);
			buildRules = (
			);
			dependencies = (
			);
			name = DiceGameApp;
			productName = DiceGameApp;
			productReference = 5720ED56238C2AD600ABEA22 /* DiceGameApp.app */;
			productType = "com.apple.product-type.application";
		};
/* End PBXNativeTarget section */

/* Begin PBXProject section */
		5720ED4E238C2AD600ABEA22 /* Project object */ = {
			isa = PBXProject;
			attributes = {
				LastSwiftUpdateCheck = 1110;
				LastUpgradeCheck = 1110;
				ORGANIZATIONNAME = Ishaq;
				TargetAttributes = {
					5720ED55238C2AD600ABEA22 = {
						CreatedOnToolsVersion = 11.1;
					};
				};
			};
			buildConfigurationList = 5720ED51238C2AD600ABEA22 /* Build configuration list for PBXProject "DiceGameApp" */;
			compatibilityVersion = "Xcode 9.3";
			developmentRegion = en;
			hasScannedForEncodings = 0;
			knownRegions = (
				en,
				Base,
			);
			mainGroup = 5720ED4D238C2AD600ABEA22;
			productRefGroup = 5720ED57238C2AD600ABEA22 /* Products */;
			projectDirPath = "";
			projectRoot = "";
			targets = (
				5720ED55238C2AD600ABEA22 /* DiceGameApp */,
			);
		};
/* End PBXProject section */

/* Begin PBXResourcesBuildPhase section */
		5720ED54238C2AD600ABEA22 /* Resources */ = {
			isa = PBXResourcesBuildPhase;
			buildActionMask = 2147483647;
			files = (
				5720ED66238C2AD700ABEA22 /* LaunchScreen.storyboard in Resources */,
				5720ED63238C2AD700ABEA22 /* Assets.xcassets in Resources */,
				5720ED61238C2AD600ABEA22 /* Main.storyboard in Resources */,
				57FB05A6238D2DB200FE78EE /* dicestart.png in Resources */,
			);
			runOnlyForDeploymentPostprocessing = 0;
		};
/* End PBXResourcesBuildPhase section */

/* Begin PBXSourcesBuildPhase section */
		5720ED52238C2AD600ABEA22 /* Sources */ = {
			isa = PBXSourcesBuildPhase;
			buildActionMask = 2147483647;
			files = (
				5720ED5E238C2AD600ABEA22 /* ViewController.swift in Sources */,
				5720ED5A238C2AD600ABEA22 /* AppDelegate.swift in Sources */,
				5720ED5C238C2AD600ABEA22 /* SceneDelegate.swift in Sources */,
				5720ED6E238C38C000ABEA22 /* ViewControllerTwo.swift in Sources */,
			);
			runOnlyForDeploymentPostprocessing = 0;
		};
/* End PBXSourcesBuildPhase section */

/* Begin PBXVariantGroup section */
		5720ED5F238C2AD600ABEA22 /* Main.storyboard */ = {
			isa = PBXVariantGroup;
			children = (
				5720ED60238C2AD600ABEA22 /* Base */,
			);
			name = Main.storyboard;
			sourceTree = "<group>";
		};
		5720ED64238C2AD700ABEA22 /* LaunchScreen.storyboard */ = {
			isa = PBXVariantGroup;
			children = (
				5720ED65238C2AD700ABEA22 /* Base */,
			);
			name = LaunchScreen.storyboard;
			sourceTree = "<group>";
		};
/* End PBXVariantGroup section */

/* Begin XCBuildConfiguration section */
		5720ED68238C2AD700ABEA22 /* Debug */ = {
			isa = XCBuildConfiguration;
			buildSettings = {
				ALWAYS_SEARCH_USER_PATHS = NO;
				CLANG_ANALYZER_NONNULL = YES;
				CLANG_ANALYZER_NUMBER_OBJECT_CONVERSION = YES_AGGRESSIVE;
				CLANG_CXX_LANGUAGE_STANDARD = "gnu++14";
				CLANG_CXX_LIBRARY = "libc++";
				CLANG_ENABLE_MODULES = YES;
				CLANG_ENABLE_OBJC_ARC = YES;
				CLANG_ENABLE_OBJC_WEAK = YES;
				CLANG_WARN_BLOCK_CAPTURE_AUTORELEASING = YES;
				CLANG_WARN_BOOL_CONVERSION = YES;
				CLANG_WARN_COMMA = YES;
				CLANG_WARN_CONSTANT_CONVERSION = YES;
				CLANG_WARN_DEPRECATED_OBJC_IMPLEMENTATIONS = YES;
				CLANG_WARN_DIRECT_OBJC_ISA_USAGE = YES_ERROR;
				CLANG_WARN_DOCUMENTATION_COMMENTS = YES;
				CLANG_WARN_EMPTY_BODY = YES;
				CLANG_WARN_ENUM_CONVERSION = YES;
				CLANG_WARN_INFINITE_RECURSION = YES;
				CLANG_WARN_INT_CONVERSION = YES;
				CLANG_WARN_NON_LITERAL_NULL_CONVERSION = YES;
				CLANG_WARN_OBJC_IMPLICIT_RETAIN_SELF = YES;
				CLANG_WARN_OBJC_LITERAL_CONVERSION = YES;
				CLANG_WARN_OBJC_ROOT_CLASS = YES_ERROR;
				CLANG_WARN_RANGE_LOOP_ANALYSIS = YES;
				CLANG_WARN_STRICT_PROTOTYPES = YES;
				CLANG_WARN_SUSPICIOUS_MOVE = YES;
				CLANG_WARN_UNGUARDED_AVAILABILITY = YES_AGGRESSIVE;
				CLANG_WARN_UNREACHABLE_CODE = YES;
				CLANG_WARN__DUPLICATE_METHOD_MATCH = YES;
				COPY_PHASE_STRIP = NO;
				DEBUG_INFORMATION_FORMAT = dwarf;
				ENABLE_STRICT_OBJC_MSGSEND = YES;
				ENABLE_TESTABILITY = YES;
				GCC_C_LANGUAGE_STANDARD = gnu11;
				GCC_DYNAMIC_NO_PIC = NO;
				GCC_NO_COMMON_BLOCKS = YES;
				GCC_OPTIMIZATION_LEVEL = 0;
				GCC_PREPROCESSOR_DEFINITIONS = (
					"DEBUG=1",
					"$(inherited)",
				);
				GCC_WARN_64_TO_32_BIT_CONVERSION = YES;
				GCC_WARN_ABOUT_RETURN_TYPE = YES_ERROR;
				GCC_WARN_UNDECLARED_SELECTOR = YES;
				GCC_WARN_UNINITIALIZED_AUTOS = YES_AGGRESSIVE;
				GCC_WARN_UNUSED_FUNCTION = YES;
				GCC_WARN_UNUSED_VARIABLE = YES;
				IPHONEOS_DEPLOYMENT_TARGET = 13.1;
				MTL_ENABLE_DEBUG_INFO = INCLUDE_SOURCE;
				MTL_FAST_MATH = YES;
				ONLY_ACTIVE_ARCH = YES;
				SDKROOT = iphoneos;
				SWIFT_ACTIVE_COMPILATION_CONDITIONS = DEBUG;
				SWIFT_OPTIMIZATION_LEVEL = "-Onone";
			};
			name = Debug;
		};
		5720ED69238C2AD700ABEA22 /* Release */ = {
			isa = XCBuildConfiguration;
			buildSettings = {
				ALWAYS_SEARCH_USER_PATHS = NO;
				CLANG_ANALYZER_NONNULL = YES;
				CLANG_ANALYZER_NUMBER_OBJECT_CONVERSION = YES_AGGRESSIVE;
				CLANG_CXX_LANGUAGE_STANDARD = "gnu++14";
				CLANG_CXX_LIBRARY = "libc++";
				CLANG_ENABLE_MODULES = YES;
				CLANG_ENABLE_OBJC_ARC = YES;
				CLANG_ENABLE_OBJC_WEAK = YES;
				CLANG_WARN_BLOCK_CAPTURE_AUTORELEASING = YES;
				CLANG_WARN_BOOL_CONVERSION = YES;
				CLANG_WARN_COMMA = YES;
				CLANG_WARN_CONSTANT_CONVERSION = YES;
				CLANG_WARN_DEPRECATED_OBJC_IMPLEMENTATIONS = YES;
				CLANG_WARN_DIRECT_OBJC_ISA_USAGE = YES_ERROR;
				CLANG_WARN_DOCUMENTATION_COMMENTS = YES;
				CLANG_WARN_EMPTY_BODY = YES;
				CLANG_WARN_ENUM_CONVERSION = YES;
				CLANG_WARN_INFINITE_RECURSION = YES;
				CLANG_WARN_INT_CONVERSION = YES;
				CLANG_WARN_NON_LITERAL_NULL_CONVERSION = YES;
				CLANG_WARN_OBJC_IMPLICIT_RETAIN_SELF = YES;
				CLANG_WARN_OBJC_LITERAL_CONVERSION = YES;
				CLANG_WARN_OBJC_ROOT_CLASS = YES_ERROR;
				CLANG_WARN_RANGE_LOOP_ANALYSIS = YES;
				CLANG_WARN_STRICT_PROTOTYPES = YES;
				CLANG_WARN_SUSPICIOUS_MOVE = YES;
				CLANG_WARN_UNGUARDED_AVAILABILITY = YES_AGGRESSIVE;
				CLANG_WARN_UNREACHABLE_CODE = YES;
				CLANG_WARN__DUPLICATE_METHOD_MATCH = YES;
				COPY_PHASE_STRIP = NO;
				DEBUG_INFORMATION_FORMAT = "dwarf-with-dsym";
				ENABLE_NS_ASSERTIONS = NO;
				ENABLE_STRICT_OBJC_MSGSEND = YES;
				GCC_C_LANGUAGE_STANDARD = gnu11;
				GCC_NO_COMMON_BLOCKS = YES;
				GCC_WARN_64_TO_32_BIT_CONVERSION = YES;
				GCC_WARN_ABOUT_RETURN_TYPE = YES_ERROR;
				GCC_WARN_UNDECLARED_SELECTOR = YES;
				GCC_WARN_UNINITIALIZED_AUTOS = YES_AGGRESSIVE;
				GCC_WARN_UNUSED_FUNCTION = YES;
				GCC_WARN_UNUSED_VARIABLE = YES;
				IPHONEOS_DEPLOYMENT_TARGET = 13.1;
				MTL_ENABLE_DEBUG_INFO = NO;
				MTL_FAST_MATH = YES;
				SDKROOT = iphoneos;
				SWIFT_COMPILATION_MODE = wholemodule;
				SWIFT_OPTIMIZATION_LEVEL = "-O";
				VALIDATE_PRODUCT = YES;
			};
			name = Release;
		};
		5720ED6B238C2AD700ABEA22 /* Debug */ = {
			isa = XCBuildConfiguration;
			buildSettings = {
				ASSETCATALOG_COMPILER_APPICON_NAME = AppIcon;
				CODE_SIGN_STYLE = Automatic;
				INFOPLIST_FILE = DiceGameApp/Info.plist;
				LD_RUNPATH_SEARCH_PATHS = (
					"$(inherited)",
					"@executable_path/Frameworks",
				);
				PRODUCT_BUNDLE_IDENTIFIER = Ishaq.DiceGameApp;
				PRODUCT_NAME = "$(TARGET_NAME)";
				SWIFT_VERSION = 5.0;
				TARGETED_DEVICE_FAMILY = "1,2";
			};
			name = Debug;
		};
		5720ED6C238C2AD700ABEA22 /* Release */ = {
			isa = XCBuildConfiguration;
			buildSettings = {
				ASSETCATALOG_COMPILER_APPICON_NAME = AppIcon;
				CODE_SIGN_STYLE = Automatic;
				INFOPLIST_FILE = DiceGameApp/Info.plist;
				LD_RUNPATH_SEARCH_PATHS = (
					"$(inherited)",
					"@executable_path/Frameworks",
				);
				PRODUCT_BUNDLE_IDENTIFIER = Ishaq.DiceGameApp;
				PRODUCT_NAME = "$(TARGET_NAME)";
				SWIFT_VERSION = 5.0;
				TARGETED_DEVICE_FAMILY = "1,2";
			};
			name = Release;
		};
/* End XCBuildConfiguration section */

/* Begin XCConfigurationList section */
		5720ED51238C2AD600ABEA22 /* Build configuration list for PBXProject "DiceGameApp" */ = {
			isa = XCConfigurationList;
			buildConfigurations = (
				5720ED68238C2AD700ABEA22 /* Debug */,
				5720ED69238C2AD700ABEA22 /* Release */,
			);
			defaultConfigurationIsVisible = 0;
			defaultConfigurationName = Release;
		};
		5720ED6A238C2AD700ABEA22 /* Build configuration list for PBXNativeTarget "DiceGameApp" */ = {
			isa = XCConfigurationList;
			buildConfigurations = (
				5720ED6B238C2AD700ABEA22 /* Debug */,
				5720ED6C238C2AD700ABEA22 /* Release */,
			);
			defaultConfigurationIsVisible = 0;
			defaultConfigurationName = Release;
		};
/* End XCConfigurationList section */
	};
	rootObject = 5720ED4E238C2AD600ABEA22 /* Project object */;
}
